
Microsoft Visual Studio Solution File, Format Version 12.00
# Visual Studio 14
VisualStudioVersion = 14.0.25420.1
MinimumVisualStudioVersion = 10.0.40219.1
Project("{FAE04EC0-301F-11D3-BF4B-00C04F79EFBC}") = "AndroidTV-Leanback", "AndroidTV-Leanback\AndroidTV-Leanback.csproj", "{FCC5E217-4639-4449-BED3-B2F785730F99}"
EndProject
Project("{FAE04EC0-301F-11D3-BF4B-00C04F79EFBC}") = "Glide", "Glide\Glide.csproj", "{97636FCB-E3CF-40F2-A91B-7B6A396BE8AB}"
EndProject
Global
	GlobalSection(SolutionConfigurationPlatforms) = preSolution
		Debug|Any CPU = Debug|Any CPU
		Release|Any CPU = Release|Any CPU
	EndGlobalSection
	GlobalSection(ProjectConfigurationPlatforms) = postSolution
		{FCC5E217-4639-4449-BED3-B2F785730F99}.Debug|Any CPU.ActiveCfg = Debug|Any CPU
		{FCC5E217-4639-4449-BED3-B2F785730F99}.Debug|Any CPU.Build.0 = Debug|Any CPU
		{FCC5E217-4639-4449-BED3-B2F785730F99}.Debug|Any CPU.Deploy.0 = Debug|Any CPU
		{FCC5E217-4639-4449-BED3-B2F785730F99}.Release|Any CPU.ActiveCfg = Release|Any CPU
		{FCC5E217-4639-4449-BED3-B2F785730F99}.Release|Any CPU.Build.0 = Release|Any CPU
		{FCC5E217-4639-4449-BED3-B2F785730F99}.Release|Any CPU.Deploy.0 = Release|Any CPU
		{97636FCB-E3CF-40F2-A91B-7B6A396BE8AB}.Debug|Any CPU.ActiveCfg = Debug|Any CPU
		{97636FCB-E3CF-40F2-A91B-7B6A396BE8AB}.Debug|Any CPU.Build.0 = Debug|Any CPU
		{97636FCB-E3CF-40F2-A91B-7B6A396BE8AB}.Release|Any CPU.ActiveCfg = Release|Any CPU
		{97636FCB-E3CF-40F2-A91B-7B6A396BE8AB}.Release|Any CPU.Build.0 = Release|Any CPU
	EndGlobalSection
	GlobalSection(SolutionProperties) = preSolution
		HideSolutionNode = FALSE
	EndGlobalSection
EndGlobal
